
Microsoft Visual Studio Solution File, Format Version 12.00
# Visual Studio Version 17
VisualStudioVersion = 17.4.33110.190
MinimumVisualStudioVersion = 10.0.40219.1
Project("{8BC9CEB8-8B4A-11D0-8D11-00A0C91BC942}") = "PR8.1.string", "PR8.1.string.vcxproj", "{22D16B25-AA11-4419-B9E3-432EDC167139}"
EndProject
Project("{8BC9CEB8-8B4A-11D0-8D11-00A0C91BC942}") = "UnitTest1", "UnitTest1\UnitTest1.vcxproj", "{75E5AA8B-E66A-4EFE-BB64-B642EEB8CD48}"
EndProject
Global
	GlobalSection(SolutionConfigurationPlatforms) = preSolution
		Debug|x64 = Debug|x64
		Debug|x86 = Debug|x86
		Release|x64 = Release|x64
		Release|x86 = Release|x86
	EndGlobalSection
	GlobalSection(ProjectConfigurationPlatforms) = postSolution
		{22D16B25-AA11-4419-B9E3-432EDC167139}.Debug|x64.ActiveCfg = Debug|x64
		{22D16B25-AA11-4419-B9E3-432EDC167139}.Debug|x64.Build.0 = Debug|x64
		{22D16B25-AA11-4419-B9E3-432EDC167139}.Debug|x86.ActiveCfg = Debug|Win32
		{22D16B25-AA11-4419-B9E3-432EDC167139}.Debug|x86.Build.0 = Debug|Win32
		{22D16B25-AA11-4419-B9E3-432EDC167139}.Release|x64.ActiveCfg = Release|x64
		{22D16B25-AA11-4419-B9E3-432EDC167139}.Release|x64.Build.0 = Release|x64
		{22D16B25-AA11-4419-B9E3-432EDC167139}.Release|x86.ActiveCfg = Release|Win32
		{22D16B25-AA11-4419-B9E3-432EDC167139}.Release|x86.Build.0 = Release|Win32
		{75E5AA8B-E66A-4EFE-BB64-B642EEB8CD48}.Debug|x64.ActiveCfg = Debug|x64
		{75E5AA8B-E66A-4EFE-BB64-B642EEB8CD48}.Debug|x64.Build.0 = Debug|x64
		{75E5AA8B-E66A-4EFE-BB64-B642EEB8CD48}.Debug|x86.ActiveCfg = Debug|Win32
		{75E5AA8B-E66A-4EFE-BB64-B642EEB8CD48}.Debug|x86.Build.0 = Debug|Win32
		{75E5AA8B-E66A-4EFE-BB64-B642EEB8CD48}.Release|x64.ActiveCfg = Release|x64
		{75E5AA8B-E66A-4EFE-BB64-B642EEB8CD48}.Release|x64.Build.0 = Release|x64
		{75E5AA8B-E66A-4EFE-BB64-B642EEB8CD48}.Release|x86.ActiveCfg = Release|Win32
		{75E5AA8B-E66A-4EFE-BB64-B642EEB8CD48}.Release|x86.Build.0 = Release|Win32
	EndGlobalSection
	GlobalSection(SolutionProperties) = preSolution
		HideSolutionNode = FALSE
	EndGlobalSection
	GlobalSection(ExtensibilityGlobals) = postSolution
		SolutionGuid = {0631F081-52F4-4FD5-AD16-D73C1C12A44D}
	EndGlobalSection
EndGlobal
